
Microsoft Visual Studio Solution File, Format Version 12.00
# Visual Studio 15
VisualStudioVersion = 15.0.28307.1145
MinimumVisualStudioVersion = 10.0.40219.1
Project("{FAE04EC0-301F-11D3-BF4B-00C04F79EFBC}") = "ConsoleApp1", "ConsoleApp1\ConsoleApp1.csproj", "{9232E2AA-A4D2-46C4-9DA6-5E9F321BC711}"
EndProject
Global
	GlobalSection(SolutionConfigurationPlatforms) = preSolution
		Debug|Any CPU = Debug|Any CPU
		Release|Any CPU = Release|Any CPU
	EndGlobalSection
	GlobalSection(ProjectConfigurationPlatforms) = postSolution
		{9232E2AA-A4D2-46C4-9DA6-5E9F321BC711}.Debug|Any CPU.ActiveCfg = Debug|Any CPU
		{9232E2AA-A4D2-46C4-9DA6-5E9F321BC711}.Debug|Any CPU.Build.0 = Debug|Any CPU
		{9232E2AA-A4D2-46C4-9DA6-5E9F321BC711}.Release|Any CPU.ActiveCfg = Release|Any CPU
		{9232E2AA-A4D2-46C4-9DA6-5E9F321BC711}.Release|Any CPU.Build.0 = Release|Any CPU
	EndGlobalSection
	GlobalSection(SolutionProperties) = preSolution
		HideSolutionNode = FALSE
	EndGlobalSection
	GlobalSection(ExtensibilityGlobals) = postSolution
		SolutionGuid = {32F47E86-D9C4-4646-84DF-B5695CD05C97}
	EndGlobalSection
EndGlobal
